// !$*UTF8*$!
{
	archiveVersion = 1;
	classes = {
	};
	objectVersion = 56;
	objects = {

/* Begin PBXBuildFile section */
		A1B2C3D4E5F67890 /* CameraManager.swift in Sources */ = {isa = PBXBuildFile; fileRef = A1B2C3D4E5F67891 /* CameraManager.swift */; };
		A1B2C3D4E5F67892 /* CameraPreviewView.swift in Sources */ = {isa = PBXBuildFile; fileRef = A1B2C3D4E5F67893 /* CameraPreviewView.swift */; };
		A1B2C3D4E5F67894 /* CameraView.swift in Sources */ = {isa = PBXBuildFile; fileRef = A1B2C3D4E5F67895 /* CameraView.swift */; };
		A1B2C3D4E5F67896 /* ManualCameraApp.swift in Sources */ = {isa = PBXBuildFile; fileRef = A1B2C3D4E5F67897 /* ManualCameraApp.swift */; };
		A1B2C3D4E5F67898 /* MotionManager.swift in Sources */ = {isa = PBXBuildFile; fileRef = A1B2C3D4E5F67899 /* MotionManager.swift */; };
		A1B2C3D4E5F678A0 /* Overlays.swift in Sources */ = {isa = PBXBuildFile; fileRef = A1B2C3D4E5F678A1 /* Overlays.swift */; };
/* End PBXBuildFile section */

/* Begin PBXFileReference section */
		A1B2C3D4E5F67891 /* CameraManager.swift */ = {isa = PBXFileReference; lastKnownFileType = sourcecode.swift; path = CameraManager.swift; sourceTree = "<group>"; };
		A1B2C3D4E5F67893 /* CameraPreviewView.swift */ = {isa = PBXFileReference; lastKnownFileType = sourcecode.swift; path = CameraPreviewView.swift; sourceTree = "<group>"; };
		A1B2C3D4E5F67895 /* CameraView.swift */ = {isa = PBXFileReference; lastKnownFileType = sourcecode.swift; path = CameraView.swift; sourceTree = "<group>"; };
		A1B2C3D4E5F67897 /* ManualCameraApp.swift */ = {isa = PBXFileReference; lastKnownFileType = sourcecode.swift; path = ManualCameraApp.swift; sourceTree = "<group>"; };
		A1B2C3D4E5F67899 /* MotionManager.swift */ = {isa = PBXFileReference; lastKnownFileType = sourcecode.swift; path = MotionManager.swift; sourceTree = "<group>"; };
		A1B2C3D4E5F678A1 /* Overlays.swift */ = {isa = PBXFileReference; lastKnownFileType = sourcecode.swift; path = Overlays.swift; sourceTree = "<group>"; };
		A1B2C3D4E5F678A2 /* ManualCameraApp.app */ = {isa = PBXFileReference; explicitFileType = wrapper.application; includeInIndex = 0; path = ManualCameraApp.app; sourceTree = BUILT_PRODUCTS_DIR; };
		A1B2C3D4E5F678A3 /* Info.plist */ = {isa = PBXFileReference; lastKnownFileType = text.plist.xml; path = Info.plist; sourceTree = "<group>"; };
/* End PBXFileReference section */

/* Begin PBXFrameworksBuildPhase section */
		A1B2C3D4E5F678A4 /* Frameworks */ = {
			isa = PBXFrameworksBuildPhase;
			buildActionMask = 2147483647;
			files = (
			);
			runOnlyForDeploymentPostprocessing = 0;
		};
/* End PBXFrameworksBuildPhase section */

/* Begin PBXGroup section */
		A1B2C3D4E5F678A5 = {
			isa = PBXGroup;
			children = (
				A1B2C3D4E5F678A6 /* . */,
				A1B2C3D4E5F678A7 /* Products */,
			);
			sourceTree = "<group>";
		};
		A1B2C3D4E5F678A6 /* . */ = {
			isa = PBXGroup;
			children = (
				A1B2C3D4E5F678A8 /* Sources */,
				A1B2C3D4E5F678A3 /* Info.plist */,
			);
			path = .;
			sourceTree = "<group>";
		};
		A1B2C3D4E5F678A7 /* Products */ = {
			isa = PBXGroup;
			children = (
				A1B2C3D4E5F678A2 /* ManualCameraApp.app */,
			);
			name = Products;
			sourceTree = "<group>";
		};
		A1B2C3D4E5F678A8 /* Sources */ = {
			isa = PBXGroup;
			children = (
				A1B2C3D4E5F67897 /* ManualCameraApp.swift */,
				A1B2C3D4E5F67895 /* CameraView.swift */,
				A1B2C3D4E5F67891 /* CameraManager.swift */,
				A1B2C3D4E5F67893 /* CameraPreviewView.swift */,
				A1B2C3D4E5F67899 /* MotionManager.swift */,
				A1B2C3D4E5F678A1 /* Overlays.swift */,
			);
			path = Sources;
			sourceTree = "<group>";
		};
/* End PBXGroup section */

/* Begin PBXNativeTarget section */
		A1B2C3D4E5F678A9 /* ManualCameraApp */ = {
			isa = PBXNativeTarget;
			buildConfigurationList = A1B2C3D4E5F678AA /* Build configuration list for PBXNativeTarget "ManualCameraApp" */;
			buildPhases = (
				A1B2C3D4E5F678AB /* Sources */,
				A1B2C3D4E5F678A4 /* Frameworks */,
				A1B2C3D4E5F678AC /* Resources */,
			);
			buildRules = (
			);
			dependencies = (
			);
			name = ManualCameraApp;
			productName = ManualCameraApp;
			productReference = A1B2C3D4E5F678A2 /* ManualCameraApp.app */;
			productType = "com.apple.product-type.application";
		};
/* End PBXNativeTarget section */

/* Begin PBXProject section */
		A1B2C3D4E5F678AD /* Project object */ = {
			isa = PBXProject;
			attributes = {
				BuildIndependentTargetsInParallel = 1;
				LastUpgradeCheck = 1500;
				TargetAttributes = {
					A1B2C3D4E5F678A9 = {
						CreatedOnToolsVersion = 15.0;
					};
				};
			};
			buildConfigurationList = A1B2C3D4E5F678AE /* Build configuration list for PBXProject "ManualCameraApp" */;
			compatibilityVersion = "Xcode 14.0";
			developmentRegion = en;
			hasScannedForEncodings = 0;
			knownRegions = (
				en,
				Base,
			);
			mainGroup = A1B2C3D4E5F678A5;
			productRefGroup = A1B2C3D4E5F678A7 /* Products */;
			projectDirPath = "";
			projectRoot = "";
			targets = (
				A1B2C3D4E5F678A9 /* ManualCameraApp */,
			);
		};
/* End PBXProject section */

/* Begin PBXResourcesBuildPhase section */
		A1B2C3D4E5F678AC /* Resources */ = {
			isa = PBXResourcesBuildPhase;
			buildActionMask = 2147483647;
			files = (
			);
			runOnlyForDeploymentPostprocessing = 0;
		};
/* End PBXResourcesBuildPhase section */

/* Begin PBXSourcesBuildPhase section */
		A1B2C3D4E5F678AB /* Sources */ = {
			isa = PBXSourcesBuildPhase;
			buildActionMask = 2147483647;
			files = (
				A1B2C3D4E5F67896 /* ManualCameraApp.swift in Sources */,
				A1B2C3D4E5F67894 /* CameraView.swift in Sources */,
				A1B2C3D4E5F67890 /* CameraManager.swift in Sources */,
				A1B2C3D4E5F67892 /* CameraPreviewView.swift in Sources */,
				A1B2C3D4E5F67898 /* MotionManager.swift in Sources */,
				A1B2C3D4E5F678A0 /* Overlays.swift in Sources */,
			);
			runOnlyForDeploymentPostprocessing = 0;
		};
/* End PBXSourcesBuildPhase section */

/* Begin XCBuildConfiguration section */
		A1B2C3D4E5F678AF /* Debug */ = {
			isa = XCBuildConfiguration;
			buildSettings = {
				ALWAYS_SEARCH_USER_PATHS = NO;
				CLANG_CXX_LANGUAGE_STANDARD = "gnu++20";
				CLANG_ENABLE_OBJC_WEAK = YES;
				COPY_PHASE_STRIP = NO;
				DEBUG_INFORMATION_FORMAT = dwarf;
				ENABLE_TESTABILITY = YES;
				GCC_DYNAMIC_NO_PIC = NO;
				GCC_OPTIMIZATION_LEVEL = 0;
				GCC_PREPROCESSOR_DEFINITIONS = (
					"DEBUG=1",
					"$(inherited)",
				);
				IPHONEOS_DEPLOYMENT_TARGET = 17.0;
				MTL_ENABLE_DEBUG_INFO = INCLUDE_SOURCE;
				ONLY_ACTIVE_ARCH = YES;
				SDKROOT = iphoneos;
				SWIFT_ACTIVE_COMPILATION_CONDITIONS = "DEBUG $(inherited)";
				SWIFT_OPTIMIZATION_LEVEL = "-Onone";
			};
			name = Debug;
		};
		A1B2C3D4E5F678B0 /* Release */ = {
			isa = XCBuildConfiguration;
			buildSettings = {
				ALWAYS_SEARCH_USER_PATHS = NO;
				CLANG_CXX_LANGUAGE_STANDARD = "gnu++20";
				CLANG_ENABLE_OBJC_WEAK = YES;
				COPY_PHASE_STRIP = NO;
				DEBUG_INFORMATION_FORMAT = "dwarf-with-dsym";
				ENABLE_NS_ASSERTIONS = NO;
				IPHONEOS_DEPLOYMENT_TARGET = 17.0;
				MTL_ENABLE_DEBUG_INFO = NO;
				SDKROOT = iphoneos;
				SWIFT_COMPILATION_MODE = wholemodule;
				SWIFT_OPTIMIZATION_LEVEL = "-O";
				VALIDATE_PRODUCT = YES;
			};
			name = Release;
		};
		A1B2C3D4E5F678B1 /* Debug */ = {
			isa = XCBuildConfiguration;
			buildSettings = {
				ASSETCATALOG_COMPILER_APPICON_NAME = AppIcon;
				ASSETCATALOG_COMPILER_GLOBAL_ACCENT_COLOR_NAME = AccentColor;
				CODE_SIGN_STYLE = Automatic;
				CURRENT_PROJECT_VERSION = 1;
				DEVELOPMENT_ASSET_PATHS = "\"ManualCameraApp/Preview Content\"";
				DEVELOPMENT_TEAM = C3ZVJR656Q;
				ENABLE_PREVIEWS = YES;
				GENERATE_INFOPLIST_FILE = NO;
				INFOPLIST_FILE = Info.plist;
				INFOPLIST_KEY_UIApplicationSceneManifest_Generation = YES;
				INFOPLIST_KEY_UIApplicationSupportsIndirectInputEvents = YES;
				INFOPLIST_KEY_UILaunchScreen_Generation = YES;
				INFOPLIST_KEY_UISupportedInterfaceOrientations_iPad = "UIInterfaceOrientationPortrait UIInterfaceOrientationPortraitUpsideDown UIInterfaceOrientationLandscapeLeft UIInterfaceOrientationLandscapeRight";
				INFOPLIST_KEY_UISupportedInterfaceOrientations_iPhone = "UIInterfaceOrientationPortrait UIInterfaceOrientationLandscapeLeft UIInterfaceOrientationLandscapeRight";
				LD_RUNPATH_SEARCH_PATHS = (
					"$(inherited)",
					"@executable_path/Frameworks",
				);
				MARKETING_VERSION = 1.0;
				PRODUCT_BUNDLE_IDENTIFIER = com.example.ManualCameraApp;
				PRODUCT_NAME = "$(TARGET_NAME)";
				SWIFT_EMIT_LOC_STRINGS = YES;
				SWIFT_VERSION = 5.0;
				TARGETED_DEVICE_FAMILY = 1;
			};
			name = Debug;
		};
		A1B2C3D4E5F678B2 /* Release */ = {
			isa = XCBuildConfiguration;
			buildSettings = {
				ASSETCATALOG_COMPILER_APPICON_NAME = AppIcon;
				ASSETCATALOG_COMPILER_GLOBAL_ACCENT_COLOR_NAME = AccentColor;
				CODE_SIGN_STYLE = Automatic;
				CURRENT_PROJECT_VERSION = 1;
				DEVELOPMENT_ASSET_PATHS = "\"ManualCameraApp/Preview Content\"";
				DEVELOPMENT_TEAM = C3ZVJR656Q;
				ENABLE_PREVIEWS = YES;
				GENERATE_INFOPLIST_FILE = NO;
				INFOPLIST_FILE = Info.plist;
				INFOPLIST_KEY_UIApplicationSceneManifest_Generation = YES;
				INFOPLIST_KEY_UIApplicationSupportsIndirectInputEvents = YES;
				INFOPLIST_KEY_UILaunchScreen_Generation = YES;
				INFOPLIST_KEY_UISupportedInterfaceOrientations_iPad = "UIInterfaceOrientationPortrait UIInterfaceOrientationPortraitUpsideDown UIInterfaceOrientationLandscapeLeft UIInterfaceOrientationLandscapeRight";
				INFOPLIST_KEY_UISupportedInterfaceOrientations_iPhone = "UIInterfaceOrientationPortrait UIInterfaceOrientationLandscapeLeft UIInterfaceOrientationLandscapeRight";
				LD_RUNPATH_SEARCH_PATHS = (
					"$(inherited)",
					"@executable_path/Frameworks",
				);
				MARKETING_VERSION = 1.0;
				PRODUCT_BUNDLE_IDENTIFIER = com.example.ManualCameraApp;
				PRODUCT_NAME = "$(TARGET_NAME)";
				SWIFT_EMIT_LOC_STRINGS = YES;
				SWIFT_VERSION = 5.0;
				TARGETED_DEVICE_FAMILY = 1;
			};
			name = Release;
		};
/* End XCBuildConfiguration section */

/* Begin XCConfigurationList section */
		A1B2C3D4E5F678AA /* Build configuration list for PBXNativeTarget "ManualCameraApp" */ = {
			isa = XCConfigurationList;
			buildConfigurations = (
				A1B2C3D4E5F678B1 /* Debug */,
				A1B2C3D4E5F678B2 /* Release */,
			);
			defaultConfigurationIsVisible = 0;
			defaultConfigurationName = Release;
		};
		A1B2C3D4E5F678AE /* Build configuration list for PBXProject "ManualCameraApp" */ = {
			isa = XCConfigurationList;
			buildConfigurations = (
				A1B2C3D4E5F678AF /* Debug */,
				A1B2C3D4E5F678B0 /* Release */,
			);
			defaultConfigurationIsVisible = 0;
			defaultConfigurationName = Release;
		};
/* End XCConfigurationList section */
	};
	rootObject = A1B2C3D4E5F678AD /* Project object */;
}
